
Microsoft Visual Studio Solution File, Format Version 12.00
# Visual Studio Version 17
VisualStudioVersion = 17.0.31903.59
MinimumVisualStudioVersion = 10.0.40219.1
Project("{2150E333-8FDC-42A3-9474-1A3956D46DE8}") = "src", "src", "{FC0E2649-BD03-4935-92EB-4CF9E05E0697}"
EndProject
Project("{FAE04EC0-301F-11D3-BF4B-00C04F79EFBC}") = "ET.SchoolBus.Api", "src\ET.SchoolBus.Api\ET.SchoolBus.Api.csproj", "{948E42F3-87BE-418D-846D-1624BC4A92A5}"
EndProject
Project("{FAE04EC0-301F-11D3-BF4B-00C04F79EFBC}") = "ET.SchoolBus.Domain", "src\ET.SchoolBus.Domain\ET.SchoolBus.Domain.csproj", "{703CAF5E-C99C-457C-B185-EEB28EB57C52}"
EndProject
Project("{FAE04EC0-301F-11D3-BF4B-00C04F79EFBC}") = "ET.SchoolBus.Data", "src\ET.SchoolBus.Data\ET.SchoolBus.Data.csproj", "{A496E0A5-B668-44E4-946B-60402DDD80A2}"
EndProject
Project("{FAE04EC0-301F-11D3-BF4B-00C04F79EFBC}") = "ET.SchoolBus.Integration", "src\ET.SchoolBus.Integration\ET.SchoolBus.Integration.csproj", "{84DC6943-FD8C-4444-8B49-1B55F2733D89}"
EndProject
Project("{FAE04EC0-301F-11D3-BF4B-00C04F79EFBC}") = "ET.SchoolBus.Application", "src\ET.SchoolBus.Application\ET.SchoolBus.Application.csproj", "{EA6C5CA1-D9E2-499A-B849-B5C5CBC7FCDA}"
EndProject
Project("{FAE04EC0-301F-11D3-BF4B-00C04F79EFBC}") = "ET.SchoolBus.Pack", "src\ET.SchoolBus.Pack\ET.SchoolBus.Pack.csproj", "{27176216-B093-4011-B80F-581B0CB796EE}"
EndProject
Global
	GlobalSection(SolutionConfigurationPlatforms) = preSolution
		Debug|Any CPU = Debug|Any CPU
		Release|Any CPU = Release|Any CPU
	EndGlobalSection
	GlobalSection(ProjectConfigurationPlatforms) = postSolution
		{948E42F3-87BE-418D-846D-1624BC4A92A5}.Debug|Any CPU.ActiveCfg = Debug|Any CPU
		{948E42F3-87BE-418D-846D-1624BC4A92A5}.Debug|Any CPU.Build.0 = Debug|Any CPU
		{948E42F3-87BE-418D-846D-1624BC4A92A5}.Release|Any CPU.ActiveCfg = Release|Any CPU
		{948E42F3-87BE-418D-846D-1624BC4A92A5}.Release|Any CPU.Build.0 = Release|Any CPU
		{703CAF5E-C99C-457C-B185-EEB28EB57C52}.Debug|Any CPU.ActiveCfg = Debug|Any CPU
		{703CAF5E-C99C-457C-B185-EEB28EB57C52}.Debug|Any CPU.Build.0 = Debug|Any CPU
		{703CAF5E-C99C-457C-B185-EEB28EB57C52}.Release|Any CPU.ActiveCfg = Release|Any CPU
		{703CAF5E-C99C-457C-B185-EEB28EB57C52}.Release|Any CPU.Build.0 = Release|Any CPU
		{A496E0A5-B668-44E4-946B-60402DDD80A2}.Debug|Any CPU.ActiveCfg = Debug|Any CPU
		{A496E0A5-B668-44E4-946B-60402DDD80A2}.Debug|Any CPU.Build.0 = Debug|Any CPU
		{A496E0A5-B668-44E4-946B-60402DDD80A2}.Release|Any CPU.ActiveCfg = Release|Any CPU
		{A496E0A5-B668-44E4-946B-60402DDD80A2}.Release|Any CPU.Build.0 = Release|Any CPU
		{84DC6943-FD8C-4444-8B49-1B55F2733D89}.Debug|Any CPU.ActiveCfg = Debug|Any CPU
		{84DC6943-FD8C-4444-8B49-1B55F2733D89}.Debug|Any CPU.Build.0 = Debug|Any CPU
		{84DC6943-FD8C-4444-8B49-1B55F2733D89}.Release|Any CPU.ActiveCfg = Release|Any CPU
		{84DC6943-FD8C-4444-8B49-1B55F2733D89}.Release|Any CPU.Build.0 = Release|Any CPU
		{EA6C5CA1-D9E2-499A-B849-B5C5CBC7FCDA}.Debug|Any CPU.ActiveCfg = Debug|Any CPU
		{EA6C5CA1-D9E2-499A-B849-B5C5CBC7FCDA}.Debug|Any CPU.Build.0 = Debug|Any CPU
		{EA6C5CA1-D9E2-499A-B849-B5C5CBC7FCDA}.Release|Any CPU.ActiveCfg = Release|Any CPU
		{EA6C5CA1-D9E2-499A-B849-B5C5CBC7FCDA}.Release|Any CPU.Build.0 = Release|Any CPU
		{27176216-B093-4011-B80F-581B0CB796EE}.Debug|Any CPU.ActiveCfg = Debug|Any CPU
		{27176216-B093-4011-B80F-581B0CB796EE}.Debug|Any CPU.Build.0 = Debug|Any CPU
		{27176216-B093-4011-B80F-581B0CB796EE}.Release|Any CPU.ActiveCfg = Release|Any CPU
		{27176216-B093-4011-B80F-581B0CB796EE}.Release|Any CPU.Build.0 = Release|Any CPU
	EndGlobalSection
	GlobalSection(SolutionProperties) = preSolution
		HideSolutionNode = FALSE
	EndGlobalSection
	GlobalSection(NestedProjects) = preSolution
		{948E42F3-87BE-418D-846D-1624BC4A92A5} = {FC0E2649-BD03-4935-92EB-4CF9E05E0697}
		{703CAF5E-C99C-457C-B185-EEB28EB57C52} = {FC0E2649-BD03-4935-92EB-4CF9E05E0697}
		{A496E0A5-B668-44E4-946B-60402DDD80A2} = {FC0E2649-BD03-4935-92EB-4CF9E05E0697}
		{84DC6943-FD8C-4444-8B49-1B55F2733D89} = {FC0E2649-BD03-4935-92EB-4CF9E05E0697}
		{EA6C5CA1-D9E2-499A-B849-B5C5CBC7FCDA} = {FC0E2649-BD03-4935-92EB-4CF9E05E0697}
		{27176216-B093-4011-B80F-581B0CB796EE} = {FC0E2649-BD03-4935-92EB-4CF9E05E0697}
	EndGlobalSection
EndGlobal
