
Microsoft Visual Studio Solution File, Format Version 12.00
# Visual Studio Version 17
VisualStudioVersion = 17.5.002.0
MinimumVisualStudioVersion = 10.0.40219.1
Project("{9A19103F-16F7-4668-BE54-9A1E7A4F7556}") = "ET.SchoolBus.Api", "ET.SchoolBus.Api\ET.SchoolBus.Api.csproj", "{A62ED71A-EE60-41E2-90D4-F263F7A20BF4}"
EndProject
Project("{9A19103F-16F7-4668-BE54-9A1E7A4F7556}") = "ET.SchoolBus.Application", "ET.SchoolBus.Application\ET.SchoolBus.Application.csproj", "{C969AF00-F5C0-4E32-8D6C-2835F24FCD19}"
EndProject
Project("{9A19103F-16F7-4668-BE54-9A1E7A4F7556}") = "ET.SchoolBus.Data", "ET.SchoolBus.Data\ET.SchoolBus.Data.csproj", "{05AAE88E-3176-4E8C-952A-B19302DDAB06}"
EndProject
Project("{9A19103F-16F7-4668-BE54-9A1E7A4F7556}") = "ET.SchoolBus.Domain", "ET.SchoolBus.Domain\ET.SchoolBus.Domain.csproj", "{D3F3F7C1-EB01-4D6B-8E3A-B7044B77B335}"
EndProject
Project("{9A19103F-16F7-4668-BE54-9A1E7A4F7556}") = "ET.SchoolBus.Integration", "ET.SchoolBus.Integration\ET.SchoolBus.Integration.csproj", "{240CD7F9-3E9D-4E8B-B0F7-11E1E1CE9EB2}"
EndProject
Project("{9A19103F-16F7-4668-BE54-9A1E7A4F7556}") = "ET.SchoolBus.Pack", "ET.SchoolBus.Pack\ET.SchoolBus.Pack.csproj", "{154C1156-095E-4919-8E30-750CE4A3F135}"
EndProject
Global
	GlobalSection(SolutionConfigurationPlatforms) = preSolution
		Debug|Any CPU = Debug|Any CPU
		Release|Any CPU = Release|Any CPU
	EndGlobalSection
	GlobalSection(ProjectConfigurationPlatforms) = postSolution
		{A62ED71A-EE60-41E2-90D4-F263F7A20BF4}.Debug|Any CPU.ActiveCfg = Debug|Any CPU
		{A62ED71A-EE60-41E2-90D4-F263F7A20BF4}.Debug|Any CPU.Build.0 = Debug|Any CPU
		{A62ED71A-EE60-41E2-90D4-F263F7A20BF4}.Release|Any CPU.ActiveCfg = Release|Any CPU
		{A62ED71A-EE60-41E2-90D4-F263F7A20BF4}.Release|Any CPU.Build.0 = Release|Any CPU
		{C969AF00-F5C0-4E32-8D6C-2835F24FCD19}.Debug|Any CPU.ActiveCfg = Debug|Any CPU
		{C969AF00-F5C0-4E32-8D6C-2835F24FCD19}.Debug|Any CPU.Build.0 = Debug|Any CPU
		{C969AF00-F5C0-4E32-8D6C-2835F24FCD19}.Release|Any CPU.ActiveCfg = Release|Any CPU
		{C969AF00-F5C0-4E32-8D6C-2835F24FCD19}.Release|Any CPU.Build.0 = Release|Any CPU
		{05AAE88E-3176-4E8C-952A-B19302DDAB06}.Debug|Any CPU.ActiveCfg = Debug|Any CPU
		{05AAE88E-3176-4E8C-952A-B19302DDAB06}.Debug|Any CPU.Build.0 = Debug|Any CPU
		{05AAE88E-3176-4E8C-952A-B19302DDAB06}.Release|Any CPU.ActiveCfg = Release|Any CPU
		{05AAE88E-3176-4E8C-952A-B19302DDAB06}.Release|Any CPU.Build.0 = Release|Any CPU
		{D3F3F7C1-EB01-4D6B-8E3A-B7044B77B335}.Debug|Any CPU.ActiveCfg = Debug|Any CPU
		{D3F3F7C1-EB01-4D6B-8E3A-B7044B77B335}.Debug|Any CPU.Build.0 = Debug|Any CPU
		{D3F3F7C1-EB01-4D6B-8E3A-B7044B77B335}.Release|Any CPU.ActiveCfg = Release|Any CPU
		{D3F3F7C1-EB01-4D6B-8E3A-B7044B77B335}.Release|Any CPU.Build.0 = Release|Any CPU
		{240CD7F9-3E9D-4E8B-B0F7-11E1E1CE9EB2}.Debug|Any CPU.ActiveCfg = Debug|Any CPU
		{240CD7F9-3E9D-4E8B-B0F7-11E1E1CE9EB2}.Debug|Any CPU.Build.0 = Debug|Any CPU
		{240CD7F9-3E9D-4E8B-B0F7-11E1E1CE9EB2}.Release|Any CPU.ActiveCfg = Release|Any CPU
		{240CD7F9-3E9D-4E8B-B0F7-11E1E1CE9EB2}.Release|Any CPU.Build.0 = Release|Any CPU
		{154C1156-095E-4919-8E30-750CE4A3F135}.Debug|Any CPU.ActiveCfg = Debug|Any CPU
		{154C1156-095E-4919-8E30-750CE4A3F135}.Debug|Any CPU.Build.0 = Debug|Any CPU
		{154C1156-095E-4919-8E30-750CE4A3F135}.Release|Any CPU.ActiveCfg = Release|Any CPU
		{154C1156-095E-4919-8E30-750CE4A3F135}.Release|Any CPU.Build.0 = Release|Any CPU
	EndGlobalSection
	GlobalSection(SolutionProperties) = preSolution
		HideSolutionNode = FALSE
	EndGlobalSection
	GlobalSection(ExtensibilityGlobals) = postSolution
		SolutionGuid = {2DF9732D-7F28-4F56-AB3C-074A558C2A6D}
	EndGlobalSection
EndGlobal
